
Microsoft Visual Studio Solution File, Format Version 12.00
# Visual Studio 14
VisualStudioVersion = 14.0.25420.1
MinimumVisualStudioVersion = 10.0.40219.1
Project("{8BC9CEB8-8B4A-11D0-8D11-00A0C91BC942}") = "PipedProcess", "PipedProcess.vcxproj", "{570685BC-5C00-4F9B-B861-1A9E7585E2FE}"
	ProjectSection(ProjectDependencies) = postProject
		{376E69B0-270F-4A4D-A7D6-35D37B423FAD} = {376E69B0-270F-4A4D-A7D6-35D37B423FAD}
	EndProjectSection
EndProject
Project("{8BC9CEB8-8B4A-11D0-8D11-00A0C91BC942}") = "DemoChildProc", "DemoChildProc\DemoChildProc.vcxproj", "{376E69B0-270F-4A4D-A7D6-35D37B423FAD}"
EndProject
Project("{2150E333-8FDC-42A3-9474-1A3956D46DE8}") = "Solution Items", "Solution Items", "{A52363C2-DB08-478F-9740-A7BD474FD125}"
	ProjectSection(SolutionItems) = preProject
		LICENSE = LICENSE
		PipedProcess.autopkg = PipedProcess.autopkg
		README.md = README.md
	EndProjectSection
EndProject
Global
	GlobalSection(SolutionConfigurationPlatforms) = preSolution
		Debug|Win32 = Debug|Win32
		Release|Win32 = Release|Win32
	EndGlobalSection
	GlobalSection(ProjectConfigurationPlatforms) = postSolution
		{570685BC-5C00-4F9B-B861-1A9E7585E2FE}.Debug|Win32.ActiveCfg = Debug|Win32
		{570685BC-5C00-4F9B-B861-1A9E7585E2FE}.Debug|Win32.Build.0 = Debug|Win32
		{570685BC-5C00-4F9B-B861-1A9E7585E2FE}.Release|Win32.ActiveCfg = Release|Win32
		{570685BC-5C00-4F9B-B861-1A9E7585E2FE}.Release|Win32.Build.0 = Release|Win32
		{376E69B0-270F-4A4D-A7D6-35D37B423FAD}.Debug|Win32.ActiveCfg = Debug|Win32
		{376E69B0-270F-4A4D-A7D6-35D37B423FAD}.Debug|Win32.Build.0 = Debug|Win32
		{376E69B0-270F-4A4D-A7D6-35D37B423FAD}.Release|Win32.ActiveCfg = Release|Win32
		{376E69B0-270F-4A4D-A7D6-35D37B423FAD}.Release|Win32.Build.0 = Release|Win32
	EndGlobalSection
	GlobalSection(SolutionProperties) = preSolution
		HideSolutionNode = FALSE
	EndGlobalSection
EndGlobal
